// !$*UTF8*$!
{
	archiveVersion = 1;
	classes = {
	};
	objectVersion = 56;
	objects = {

/* Begin PBXBuildFile section */
		1566883529F1477F005C446B /* LoginView.swift in Sources */ = {isa = PBXBuildFile; fileRef = 1566883429F1477F005C446B /* LoginView.swift */; };
		1566883C29F1570C005C446B /* PrimaryButtonStyle.swift in Sources */ = {isa = PBXBuildFile; fileRef = 1566883B29F1570C005C446B /* PrimaryButtonStyle.swift */; };
		1566883E29F161A9005C446B /* SecondaryButtonStyle.swift in Sources */ = {isa = PBXBuildFile; fileRef = 1566883D29F161A9005C446B /* SecondaryButtonStyle.swift */; };
		1566884029F16416005C446B /* CustomSecureField.swift in Sources */ = {isa = PBXBuildFile; fileRef = 1566883F29F16416005C446B /* CustomSecureField.swift */; };
		1566884229F1646B005C446B /* CustomTextField.swift in Sources */ = {isa = PBXBuildFile; fileRef = 1566884129F1646B005C446B /* CustomTextField.swift */; };
		1566884529F16B30005C446B /* SignUpView.swift in Sources */ = {isa = PBXBuildFile; fileRef = 1566884429F16B30005C446B /* SignUpView.swift */; };
		1566884E29F1898C005C446B /* HomeTabView.swift in Sources */ = {isa = PBXBuildFile; fileRef = 1566884D29F1898C005C446B /* HomeTabView.swift */; };
		1566885129F18C77005C446B /* SettingsView.swift in Sources */ = {isa = PBXBuildFile; fileRef = 1566885029F18C77005C446B /* SettingsView.swift */; };
		1566885329F19315005C446B /* MoviesView.swift in Sources */ = {isa = PBXBuildFile; fileRef = 1566885229F19315005C446B /* MoviesView.swift */; };
		156DA7EF29F0281000720BC7 /* Application.swift in Sources */ = {isa = PBXBuildFile; fileRef = 156DA7EE29F0281000720BC7 /* Application.swift */; };
		156DA7F129F0281000720BC7 /* WelcomeView.swift in Sources */ = {isa = PBXBuildFile; fileRef = 156DA7F029F0281000720BC7 /* WelcomeView.swift */; };
		156DA7F329F0281100720BC7 /* Assets.xcassets in Resources */ = {isa = PBXBuildFile; fileRef = 156DA7F229F0281100720BC7 /* Assets.xcassets */; };
		156DA7F629F0281100720BC7 /* Preview Assets.xcassets in Resources */ = {isa = PBXBuildFile; fileRef = 156DA7F529F0281100720BC7 /* Preview Assets.xcassets */; };
		15DF9DD129F6732A0047EF7B /* ThemeRepository.swift in Sources */ = {isa = PBXBuildFile; fileRef = 15DF9DD029F6732A0047EF7B /* ThemeRepository.swift */; };
		15DF9DD429F67A9F0047EF7B /* Movie.swift in Sources */ = {isa = PBXBuildFile; fileRef = 15DF9DD329F67A9F0047EF7B /* Movie.swift */; };
		15DF9DD929F68C160047EF7B /* MovieAPI.swift in Sources */ = {isa = PBXBuildFile; fileRef = 15DF9DD829F68C160047EF7B /* MovieAPI.swift */; };
		15DF9DDC29F68D5B0047EF7B /* MovieAPIResponse.swift in Sources */ = {isa = PBXBuildFile; fileRef = 15DF9DDB29F68D5B0047EF7B /* MovieAPIResponse.swift */; };
		15DF9DE229F692050047EF7B /* MoviesViewModel.swift in Sources */ = {isa = PBXBuildFile; fileRef = 15DF9DE129F692050047EF7B /* MoviesViewModel.swift */; };
		15DF9DE929F69B5E0047EF7B /* MovieDetailView.swift in Sources */ = {isa = PBXBuildFile; fileRef = 15DF9DE829F69B5E0047EF7B /* MovieDetailView.swift */; };
		15DF9DEC29F6B2D40047EF7B /* HomeViewModel.swift in Sources */ = {isa = PBXBuildFile; fileRef = 15DF9DEB29F6B2D40047EF7B /* HomeViewModel.swift */; };
		15DF9DEE29F6B4D10047EF7B /* TrendingMovieCard.swift in Sources */ = {isa = PBXBuildFile; fileRef = 15DF9DED29F6B4D10047EF7B /* TrendingMovieCard.swift */; };
		15DF9DF129F6C0770047EF7B /* CurrentlyPlayingCard.swift in Sources */ = {isa = PBXBuildFile; fileRef = 15DF9DF029F6C0770047EF7B /* CurrentlyPlayingCard.swift */; };
		15F292C829F289A200D84A0C /* HomeView.swift in Sources */ = {isa = PBXBuildFile; fileRef = 15F292C729F289A200D84A0C /* HomeView.swift */; };
		15F292CB29F28B8800D84A0C /* UIApplication+Extensions.swift in Sources */ = {isa = PBXBuildFile; fileRef = 15F292CA29F28B8800D84A0C /* UIApplication+Extensions.swift */; };
		15F292D029F2904D00D84A0C /* Theme.swift in Sources */ = {isa = PBXBuildFile; fileRef = 15F292CF29F2904D00D84A0C /* Theme.swift */; };
		15F292D829F2D9B400D84A0C /* MovieListRow.swift in Sources */ = {isa = PBXBuildFile; fileRef = 15F292D729F2D9B400D84A0C /* MovieListRow.swift */; };
/* End PBXBuildFile section */

/* Begin PBXFileReference section */
		1566883429F1477F005C446B /* LoginView.swift */ = {isa = PBXFileReference; lastKnownFileType = sourcecode.swift; path = LoginView.swift; sourceTree = "<group>"; };
		1566883B29F1570C005C446B /* PrimaryButtonStyle.swift */ = {isa = PBXFileReference; lastKnownFileType = sourcecode.swift; path = PrimaryButtonStyle.swift; sourceTree = "<group>"; };
		1566883D29F161A9005C446B /* SecondaryButtonStyle.swift */ = {isa = PBXFileReference; lastKnownFileType = sourcecode.swift; path = SecondaryButtonStyle.swift; sourceTree = "<group>"; };
		1566883F29F16416005C446B /* CustomSecureField.swift */ = {isa = PBXFileReference; lastKnownFileType = sourcecode.swift; path = CustomSecureField.swift; sourceTree = "<group>"; };
		1566884129F1646B005C446B /* CustomTextField.swift */ = {isa = PBXFileReference; lastKnownFileType = sourcecode.swift; path = CustomTextField.swift; sourceTree = "<group>"; };
		1566884429F16B30005C446B /* SignUpView.swift */ = {isa = PBXFileReference; lastKnownFileType = sourcecode.swift; path = SignUpView.swift; sourceTree = "<group>"; };
		1566884D29F1898C005C446B /* HomeTabView.swift */ = {isa = PBXFileReference; lastKnownFileType = sourcecode.swift; path = HomeTabView.swift; sourceTree = "<group>"; };
		1566885029F18C77005C446B /* SettingsView.swift */ = {isa = PBXFileReference; lastKnownFileType = sourcecode.swift; path = SettingsView.swift; sourceTree = "<group>"; };
		1566885229F19315005C446B /* MoviesView.swift */ = {isa = PBXFileReference; lastKnownFileType = sourcecode.swift; path = MoviesView.swift; sourceTree = "<group>"; };
		156DA7EB29F0281000720BC7 /* SwiftUIProofOfConcept.app */ = {isa = PBXFileReference; explicitFileType = wrapper.application; includeInIndex = 0; path = SwiftUIProofOfConcept.app; sourceTree = BUILT_PRODUCTS_DIR; };
		156DA7EE29F0281000720BC7 /* Application.swift */ = {isa = PBXFileReference; lastKnownFileType = sourcecode.swift; path = Application.swift; sourceTree = "<group>"; };
		156DA7F029F0281000720BC7 /* WelcomeView.swift */ = {isa = PBXFileReference; lastKnownFileType = sourcecode.swift; path = WelcomeView.swift; sourceTree = "<group>"; };
		156DA7F229F0281100720BC7 /* Assets.xcassets */ = {isa = PBXFileReference; lastKnownFileType = folder.assetcatalog; path = Assets.xcassets; sourceTree = "<group>"; };
		156DA7F529F0281100720BC7 /* Preview Assets.xcassets */ = {isa = PBXFileReference; lastKnownFileType = folder.assetcatalog; path = "Preview Assets.xcassets"; sourceTree = "<group>"; };
		15DF9DD029F6732A0047EF7B /* ThemeRepository.swift */ = {isa = PBXFileReference; lastKnownFileType = sourcecode.swift; path = ThemeRepository.swift; sourceTree = "<group>"; };
		15DF9DD329F67A9F0047EF7B /* Movie.swift */ = {isa = PBXFileReference; lastKnownFileType = sourcecode.swift; path = Movie.swift; sourceTree = "<group>"; };
		15DF9DD829F68C160047EF7B /* MovieAPI.swift */ = {isa = PBXFileReference; lastKnownFileType = sourcecode.swift; path = MovieAPI.swift; sourceTree = "<group>"; };
		15DF9DDB29F68D5B0047EF7B /* MovieAPIResponse.swift */ = {isa = PBXFileReference; lastKnownFileType = sourcecode.swift; path = MovieAPIResponse.swift; sourceTree = "<group>"; };
		15DF9DE129F692050047EF7B /* MoviesViewModel.swift */ = {isa = PBXFileReference; lastKnownFileType = sourcecode.swift; path = MoviesViewModel.swift; sourceTree = "<group>"; };
		15DF9DE829F69B5E0047EF7B /* MovieDetailView.swift */ = {isa = PBXFileReference; lastKnownFileType = sourcecode.swift; path = MovieDetailView.swift; sourceTree = "<group>"; };
		15DF9DEB29F6B2D40047EF7B /* HomeViewModel.swift */ = {isa = PBXFileReference; lastKnownFileType = sourcecode.swift; path = HomeViewModel.swift; sourceTree = "<group>"; };
		15DF9DED29F6B4D10047EF7B /* TrendingMovieCard.swift */ = {isa = PBXFileReference; lastKnownFileType = sourcecode.swift; path = TrendingMovieCard.swift; sourceTree = "<group>"; };
		15DF9DF029F6C0770047EF7B /* CurrentlyPlayingCard.swift */ = {isa = PBXFileReference; lastKnownFileType = sourcecode.swift; path = CurrentlyPlayingCard.swift; sourceTree = "<group>"; };
		15F292C729F289A200D84A0C /* HomeView.swift */ = {isa = PBXFileReference; lastKnownFileType = sourcecode.swift; path = HomeView.swift; sourceTree = "<group>"; };
		15F292CA29F28B8800D84A0C /* UIApplication+Extensions.swift */ = {isa = PBXFileReference; lastKnownFileType = sourcecode.swift; path = "UIApplication+Extensions.swift"; sourceTree = "<group>"; };
		15F292CF29F2904D00D84A0C /* Theme.swift */ = {isa = PBXFileReference; lastKnownFileType = sourcecode.swift; path = Theme.swift; sourceTree = "<group>"; };
		15F292D729F2D9B400D84A0C /* MovieListRow.swift */ = {isa = PBXFileReference; lastKnownFileType = sourcecode.swift; path = MovieListRow.swift; sourceTree = "<group>"; };
/* End PBXFileReference section */

/* Begin PBXFrameworksBuildPhase section */
		156DA7E829F0281000720BC7 /* Frameworks */ = {
			isa = PBXFrameworksBuildPhase;
			buildActionMask = 2147483647;
			files = (
			);
			runOnlyForDeploymentPostprocessing = 0;
		};
/* End PBXFrameworksBuildPhase section */

/* Begin PBXGroup section */
		1566883629F14940005C446B /* Views */ = {
			isa = PBXGroup;
			children = (
				15F292D629F2D95200D84A0C /* Movies */,
				1566884329F164F5005C446B /* ButtonStyles */,
				1566883F29F16416005C446B /* CustomSecureField.swift */,
				1566884129F1646B005C446B /* CustomTextField.swift */,
			);
			path = Views;
			sourceTree = "<group>";
		};
		1566884329F164F5005C446B /* ButtonStyles */ = {
			isa = PBXGroup;
			children = (
				1566883B29F1570C005C446B /* PrimaryButtonStyle.swift */,
				1566883D29F161A9005C446B /* SecondaryButtonStyle.swift */,
			);
			path = ButtonStyles;
			sourceTree = "<group>";
		};
		1566884F29F18C4F005C446B /* Login */ = {
			isa = PBXGroup;
			children = (
				1566883429F1477F005C446B /* LoginView.swift */,
			);
			path = Login;
			sourceTree = "<group>";
		};
		156DA7E229F0281000720BC7 = {
			isa = PBXGroup;
			children = (
				156DA7ED29F0281000720BC7 /* SwiftUIProofOfConcept */,
				156DA7EC29F0281000720BC7 /* Products */,
			);
			sourceTree = "<group>";
		};
		156DA7EC29F0281000720BC7 /* Products */ = {
			isa = PBXGroup;
			children = (
				156DA7EB29F0281000720BC7 /* SwiftUIProofOfConcept.app */,
			);
			name = Products;
			sourceTree = "<group>";
		};
		156DA7ED29F0281000720BC7 /* SwiftUIProofOfConcept */ = {
			isa = PBXGroup;
			children = (
				15DF9DD729F68BC20047EF7B /* Data */,
				15DF9DCF29F6731D0047EF7B /* Repositories */,
				15F292CD29F2904000D84A0C /* Domain */,
				15F292CC29F2903600D84A0C /* UI */,
				15F292C929F28B5F00D84A0C /* Extensions */,
				156DA7EE29F0281000720BC7 /* Application.swift */,
				156DA7F229F0281100720BC7 /* Assets.xcassets */,
				156DA7F429F0281100720BC7 /* Preview Content */,
			);
			path = SwiftUIProofOfConcept;
			sourceTree = "<group>";
		};
		156DA7F429F0281100720BC7 /* Preview Content */ = {
			isa = PBXGroup;
			children = (
				156DA7F529F0281100720BC7 /* Preview Assets.xcassets */,
			);
			path = "Preview Content";
			sourceTree = "<group>";
		};
		156DA7FC29F0319E00720BC7 /* Scenes */ = {
			isa = PBXGroup;
			children = (
				156DA7F029F0281000720BC7 /* WelcomeView.swift */,
				15DF9DEF29F6B7490047EF7B /* Signup */,
				15DF9DE429F699D60047EF7B /* Settings */,
				15DF9DE329F699C10047EF7B /* Movies */,
				1566884F29F18C4F005C446B /* Login */,
				15DF9DEA29F6B2C80047EF7B /* Home */,
			);
			path = Scenes;
			sourceTree = "<group>";
		};
		15DF9DCF29F6731D0047EF7B /* Repositories */ = {
			isa = PBXGroup;
			children = (
				15DF9DD029F6732A0047EF7B /* ThemeRepository.swift */,
			);
			path = Repositories;
			sourceTree = "<group>";
		};
		15DF9DD229F67A970047EF7B /* Models */ = {
			isa = PBXGroup;
			children = (
				15DF9DD329F67A9F0047EF7B /* Movie.swift */,
			);
			path = Models;
			sourceTree = "<group>";
		};
		15DF9DD729F68BC20047EF7B /* Data */ = {
			isa = PBXGroup;
			children = (
				15DF9DDA29F68D0F0047EF7B /* Models */,
				15DF9DD829F68C160047EF7B /* MovieAPI.swift */,
			);
			path = Data;
			sourceTree = "<group>";
		};
		15DF9DDA29F68D0F0047EF7B /* Models */ = {
			isa = PBXGroup;
			children = (
				15DF9DDB29F68D5B0047EF7B /* MovieAPIResponse.swift */,
			);
			path = Models;
			sourceTree = "<group>";
		};
		15DF9DE329F699C10047EF7B /* Movies */ = {
			isa = PBXGroup;
			children = (
				1566885229F19315005C446B /* MoviesView.swift */,
				15DF9DE129F692050047EF7B /* MoviesViewModel.swift */,
			);
			path = Movies;
			sourceTree = "<group>";
		};
		15DF9DE429F699D60047EF7B /* Settings */ = {
			isa = PBXGroup;
			children = (
				1566885029F18C77005C446B /* SettingsView.swift */,
			);
			path = Settings;
			sourceTree = "<group>";
		};
		15DF9DEA29F6B2C80047EF7B /* Home */ = {
			isa = PBXGroup;
			children = (
				1566884D29F1898C005C446B /* HomeTabView.swift */,
				15F292C729F289A200D84A0C /* HomeView.swift */,
				15DF9DEB29F6B2D40047EF7B /* HomeViewModel.swift */,
			);
			path = Home;
			sourceTree = "<group>";
		};
		15DF9DEF29F6B7490047EF7B /* Signup */ = {
			isa = PBXGroup;
			children = (
				1566884429F16B30005C446B /* SignUpView.swift */,
			);
			path = Signup;
			sourceTree = "<group>";
		};
		15F292C929F28B5F00D84A0C /* Extensions */ = {
			isa = PBXGroup;
			children = (
				15F292CA29F28B8800D84A0C /* UIApplication+Extensions.swift */,
			);
			path = Extensions;
			sourceTree = "<group>";
		};
		15F292CC29F2903600D84A0C /* UI */ = {
			isa = PBXGroup;
			children = (
				1566883629F14940005C446B /* Views */,
				156DA7FC29F0319E00720BC7 /* Scenes */,
			);
			path = UI;
			sourceTree = "<group>";
		};
		15F292CD29F2904000D84A0C /* Domain */ = {
			isa = PBXGroup;
			children = (
				15DF9DD229F67A970047EF7B /* Models */,
				15F292CE29F2904600D84A0C /* Enums */,
			);
			path = Domain;
			sourceTree = "<group>";
		};
		15F292CE29F2904600D84A0C /* Enums */ = {
			isa = PBXGroup;
			children = (
				15F292CF29F2904D00D84A0C /* Theme.swift */,
			);
			path = Enums;
			sourceTree = "<group>";
		};
		15F292D629F2D95200D84A0C /* Movies */ = {
			isa = PBXGroup;
			children = (
				15DF9DE829F69B5E0047EF7B /* MovieDetailView.swift */,
				15F292D729F2D9B400D84A0C /* MovieListRow.swift */,
				15DF9DED29F6B4D10047EF7B /* TrendingMovieCard.swift */,
				15DF9DF029F6C0770047EF7B /* CurrentlyPlayingCard.swift */,
			);
			path = Movies;
			sourceTree = "<group>";
		};
/* End PBXGroup section */

/* Begin PBXNativeTarget section */
		156DA7EA29F0281000720BC7 /* SwiftUIProofOfConcept */ = {
			isa = PBXNativeTarget;
			buildConfigurationList = 156DA7F929F0281100720BC7 /* Build configuration list for PBXNativeTarget "SwiftUIProofOfConcept" */;
			buildPhases = (
				156DA7E729F0281000720BC7 /* Sources */,
				156DA7E829F0281000720BC7 /* Frameworks */,
				156DA7E929F0281000720BC7 /* Resources */,
			);
			buildRules = (
			);
			dependencies = (
			);
			name = SwiftUIProofOfConcept;
			productName = SwiftUIProofOfConcept;
			productReference = 156DA7EB29F0281000720BC7 /* SwiftUIProofOfConcept.app */;
			productType = "com.apple.product-type.application";
		};
/* End PBXNativeTarget section */

/* Begin PBXProject section */
		156DA7E329F0281000720BC7 /* Project object */ = {
			isa = PBXProject;
			attributes = {
				BuildIndependentTargetsInParallel = 1;
				LastSwiftUpdateCheck = 1430;
				LastUpgradeCheck = 1430;
				TargetAttributes = {
					156DA7EA29F0281000720BC7 = {
						CreatedOnToolsVersion = 14.3;
					};
				};
			};
			buildConfigurationList = 156DA7E629F0281000720BC7 /* Build configuration list for PBXProject "SwiftUIProofOfConcept" */;
			compatibilityVersion = "Xcode 14.0";
			developmentRegion = en;
			hasScannedForEncodings = 0;
			knownRegions = (
				en,
				Base,
			);
			mainGroup = 156DA7E229F0281000720BC7;
			productRefGroup = 156DA7EC29F0281000720BC7 /* Products */;
			projectDirPath = "";
			projectRoot = "";
			targets = (
				156DA7EA29F0281000720BC7 /* SwiftUIProofOfConcept */,
			);
		};
/* End PBXProject section */

/* Begin PBXResourcesBuildPhase section */
		156DA7E929F0281000720BC7 /* Resources */ = {
			isa = PBXResourcesBuildPhase;
			buildActionMask = 2147483647;
			files = (
				156DA7F629F0281100720BC7 /* Preview Assets.xcassets in Resources */,
				156DA7F329F0281100720BC7 /* Assets.xcassets in Resources */,
			);
			runOnlyForDeploymentPostprocessing = 0;
		};
/* End PBXResourcesBuildPhase section */

/* Begin PBXSourcesBuildPhase section */
		156DA7E729F0281000720BC7 /* Sources */ = {
			isa = PBXSourcesBuildPhase;
			buildActionMask = 2147483647;
			files = (
				1566884E29F1898C005C446B /* HomeTabView.swift in Sources */,
				15DF9DEC29F6B2D40047EF7B /* HomeViewModel.swift in Sources */,
				15F292D829F2D9B400D84A0C /* MovieListRow.swift in Sources */,
				15DF9DF129F6C0770047EF7B /* CurrentlyPlayingCard.swift in Sources */,
				15DF9DD429F67A9F0047EF7B /* Movie.swift in Sources */,
				1566884229F1646B005C446B /* CustomTextField.swift in Sources */,
				1566883E29F161A9005C446B /* SecondaryButtonStyle.swift in Sources */,
				15DF9DD129F6732A0047EF7B /* ThemeRepository.swift in Sources */,
				15DF9DE929F69B5E0047EF7B /* MovieDetailView.swift in Sources */,
				1566883529F1477F005C446B /* LoginView.swift in Sources */,
				15F292CB29F28B8800D84A0C /* UIApplication+Extensions.swift in Sources */,
				1566885329F19315005C446B /* MoviesView.swift in Sources */,
				156DA7F129F0281000720BC7 /* WelcomeView.swift in Sources */,
				15DF9DDC29F68D5B0047EF7B /* MovieAPIResponse.swift in Sources */,
				1566885129F18C77005C446B /* SettingsView.swift in Sources */,
				1566884529F16B30005C446B /* SignUpView.swift in Sources */,
				1566883C29F1570C005C446B /* PrimaryButtonStyle.swift in Sources */,
				15F292C829F289A200D84A0C /* HomeView.swift in Sources */,
				1566884029F16416005C446B /* CustomSecureField.swift in Sources */,
				15DF9DD929F68C160047EF7B /* MovieAPI.swift in Sources */,
				15DF9DEE29F6B4D10047EF7B /* TrendingMovieCard.swift in Sources */,
				156DA7EF29F0281000720BC7 /* Application.swift in Sources */,
				15F292D029F2904D00D84A0C /* Theme.swift in Sources */,
				15DF9DE229F692050047EF7B /* MoviesViewModel.swift in Sources */,
			);
			runOnlyForDeploymentPostprocessing = 0;
		};
/* End PBXSourcesBuildPhase section */

/* Begin XCBuildConfiguration section */
		156DA7F729F0281100720BC7 /* Debug */ = {
			isa = XCBuildConfiguration;
			buildSettings = {
				ALWAYS_SEARCH_USER_PATHS = NO;
				CLANG_ANALYZER_NONNULL = YES;
				CLANG_ANALYZER_NUMBER_OBJECT_CONVERSION = YES_AGGRESSIVE;
				CLANG_CXX_LANGUAGE_STANDARD = "gnu++20";
				CLANG_ENABLE_MODULES = YES;
				CLANG_ENABLE_OBJC_ARC = YES;
				CLANG_ENABLE_OBJC_WEAK = YES;
				CLANG_WARN_BLOCK_CAPTURE_AUTORELEASING = YES;
				CLANG_WARN_BOOL_CONVERSION = YES;
				CLANG_WARN_COMMA = YES;
				CLANG_WARN_CONSTANT_CONVERSION = YES;
				CLANG_WARN_DEPRECATED_OBJC_IMPLEMENTATIONS = YES;
				CLANG_WARN_DIRECT_OBJC_ISA_USAGE = YES_ERROR;
				CLANG_WARN_DOCUMENTATION_COMMENTS = YES;
				CLANG_WARN_EMPTY_BODY = YES;
				CLANG_WARN_ENUM_CONVERSION = YES;
				CLANG_WARN_INFINITE_RECURSION = YES;
				CLANG_WARN_INT_CONVERSION = YES;
				CLANG_WARN_NON_LITERAL_NULL_CONVERSION = YES;
				CLANG_WARN_OBJC_IMPLICIT_RETAIN_SELF = YES;
				CLANG_WARN_OBJC_LITERAL_CONVERSION = YES;
				CLANG_WARN_OBJC_ROOT_CLASS = YES_ERROR;
				CLANG_WARN_QUOTED_INCLUDE_IN_FRAMEWORK_HEADER = YES;
				CLANG_WARN_RANGE_LOOP_ANALYSIS = YES;
				CLANG_WARN_STRICT_PROTOTYPES = YES;
				CLANG_WARN_SUSPICIOUS_MOVE = YES;
				CLANG_WARN_UNGUARDED_AVAILABILITY = YES_AGGRESSIVE;
				CLANG_WARN_UNREACHABLE_CODE = YES;
				CLANG_WARN__DUPLICATE_METHOD_MATCH = YES;
				COPY_PHASE_STRIP = NO;
				DEBUG_INFORMATION_FORMAT = dwarf;
				ENABLE_STRICT_OBJC_MSGSEND = YES;
				ENABLE_TESTABILITY = YES;
				GCC_C_LANGUAGE_STANDARD = gnu11;
				GCC_DYNAMIC_NO_PIC = NO;
				GCC_NO_COMMON_BLOCKS = YES;
				GCC_OPTIMIZATION_LEVEL = 0;
				GCC_PREPROCESSOR_DEFINITIONS = (
					"DEBUG=1",
					"$(inherited)",
				);
				GCC_WARN_64_TO_32_BIT_CONVERSION = YES;
				GCC_WARN_ABOUT_RETURN_TYPE = YES_ERROR;
				GCC_WARN_UNDECLARED_SELECTOR = YES;
				GCC_WARN_UNINITIALIZED_AUTOS = YES_AGGRESSIVE;
				GCC_WARN_UNUSED_FUNCTION = YES;
				GCC_WARN_UNUSED_VARIABLE = YES;
				IPHONEOS_DEPLOYMENT_TARGET = 16.4;
				MTL_ENABLE_DEBUG_INFO = INCLUDE_SOURCE;
				MTL_FAST_MATH = YES;
				ONLY_ACTIVE_ARCH = YES;
				SDKROOT = iphoneos;
				SWIFT_ACTIVE_COMPILATION_CONDITIONS = DEBUG;
				SWIFT_OPTIMIZATION_LEVEL = "-Onone";
			};
			name = Debug;
		};
		156DA7F829F0281100720BC7 /* Release */ = {
			isa = XCBuildConfiguration;
			buildSettings = {
				ALWAYS_SEARCH_USER_PATHS = NO;
				CLANG_ANALYZER_NONNULL = YES;
				CLANG_ANALYZER_NUMBER_OBJECT_CONVERSION = YES_AGGRESSIVE;
				CLANG_CXX_LANGUAGE_STANDARD = "gnu++20";
				CLANG_ENABLE_MODULES = YES;
				CLANG_ENABLE_OBJC_ARC = YES;
				CLANG_ENABLE_OBJC_WEAK = YES;
				CLANG_WARN_BLOCK_CAPTURE_AUTORELEASING = YES;
				CLANG_WARN_BOOL_CONVERSION = YES;
				CLANG_WARN_COMMA = YES;
				CLANG_WARN_CONSTANT_CONVERSION = YES;
				CLANG_WARN_DEPRECATED_OBJC_IMPLEMENTATIONS = YES;
				CLANG_WARN_DIRECT_OBJC_ISA_USAGE = YES_ERROR;
				CLANG_WARN_DOCUMENTATION_COMMENTS = YES;
				CLANG_WARN_EMPTY_BODY = YES;
				CLANG_WARN_ENUM_CONVERSION = YES;
				CLANG_WARN_INFINITE_RECURSION = YES;
				CLANG_WARN_INT_CONVERSION = YES;
				CLANG_WARN_NON_LITERAL_NULL_CONVERSION = YES;
				CLANG_WARN_OBJC_IMPLICIT_RETAIN_SELF = YES;
				CLANG_WARN_OBJC_LITERAL_CONVERSION = YES;
				CLANG_WARN_OBJC_ROOT_CLASS = YES_ERROR;
				CLANG_WARN_QUOTED_INCLUDE_IN_FRAMEWORK_HEADER = YES;
				CLANG_WARN_RANGE_LOOP_ANALYSIS = YES;
				CLANG_WARN_STRICT_PROTOTYPES = YES;
				CLANG_WARN_SUSPICIOUS_MOVE = YES;
				CLANG_WARN_UNGUARDED_AVAILABILITY = YES_AGGRESSIVE;
				CLANG_WARN_UNREACHABLE_CODE = YES;
				CLANG_WARN__DUPLICATE_METHOD_MATCH = YES;
				COPY_PHASE_STRIP = NO;
				DEBUG_INFORMATION_FORMAT = "dwarf-with-dsym";
				ENABLE_NS_ASSERTIONS = NO;
				ENABLE_STRICT_OBJC_MSGSEND = YES;
				GCC_C_LANGUAGE_STANDARD = gnu11;
				GCC_NO_COMMON_BLOCKS = YES;
				GCC_WARN_64_TO_32_BIT_CONVERSION = YES;
				GCC_WARN_ABOUT_RETURN_TYPE = YES_ERROR;
				GCC_WARN_UNDECLARED_SELECTOR = YES;
				GCC_WARN_UNINITIALIZED_AUTOS = YES_AGGRESSIVE;
				GCC_WARN_UNUSED_FUNCTION = YES;
				GCC_WARN_UNUSED_VARIABLE = YES;
				IPHONEOS_DEPLOYMENT_TARGET = 16.4;
				MTL_ENABLE_DEBUG_INFO = NO;
				MTL_FAST_MATH = YES;
				SDKROOT = iphoneos;
				SWIFT_COMPILATION_MODE = wholemodule;
				SWIFT_OPTIMIZATION_LEVEL = "-O";
				VALIDATE_PRODUCT = YES;
			};
			name = Release;
		};
		156DA7FA29F0281100720BC7 /* Debug */ = {
			isa = XCBuildConfiguration;
			buildSettings = {
				ASSETCATALOG_COMPILER_APPICON_NAME = AppIcon;
				ASSETCATALOG_COMPILER_GLOBAL_ACCENT_COLOR_NAME = AccentColor;
				CODE_SIGN_STYLE = Automatic;
				CURRENT_PROJECT_VERSION = 1;
				DEVELOPMENT_ASSET_PATHS = "\"SwiftUIProofOfConcept/Preview Content\"";
				DEVELOPMENT_TEAM = 6QRV3HD79G;
				ENABLE_PREVIEWS = YES;
				GENERATE_INFOPLIST_FILE = YES;
				INFOPLIST_KEY_UIApplicationSceneManifest_Generation = YES;
				INFOPLIST_KEY_UIApplicationSupportsIndirectInputEvents = YES;
				INFOPLIST_KEY_UILaunchScreen_Generation = YES;
				INFOPLIST_KEY_UISupportedInterfaceOrientations = UIInterfaceOrientationPortrait;
				IPHONEOS_DEPLOYMENT_TARGET = 15.6;
				LD_RUNPATH_SEARCH_PATHS = (
					"$(inherited)",
					"@executable_path/Frameworks",
				);
				MARKETING_VERSION = 0.1;
				PRODUCT_BUNDLE_IDENTIFIER = dev.lkenselaar.SwiftUIProofOfConcept;
				PRODUCT_NAME = "$(TARGET_NAME)";
				SUPPORTED_PLATFORMS = "iphoneos iphonesimulator";
				SUPPORTS_MACCATALYST = NO;
				SUPPORTS_MAC_DESIGNED_FOR_IPHONE_IPAD = NO;
				SWIFT_EMIT_LOC_STRINGS = YES;
				SWIFT_VERSION = 5.0;
				TARGETED_DEVICE_FAMILY = 1;
			};
			name = Debug;
		};
		156DA7FB29F0281100720BC7 /* Release */ = {
			isa = XCBuildConfiguration;
			buildSettings = {
				ASSETCATALOG_COMPILER_APPICON_NAME = AppIcon;
				ASSETCATALOG_COMPILER_GLOBAL_ACCENT_COLOR_NAME = AccentColor;
				CODE_SIGN_STYLE = Automatic;
				CURRENT_PROJECT_VERSION = 1;
				DEVELOPMENT_ASSET_PATHS = "\"SwiftUIProofOfConcept/Preview Content\"";
				DEVELOPMENT_TEAM = 6QRV3HD79G;
				ENABLE_PREVIEWS = YES;
				GENERATE_INFOPLIST_FILE = YES;
				INFOPLIST_KEY_UIApplicationSceneManifest_Generation = YES;
				INFOPLIST_KEY_UIApplicationSupportsIndirectInputEvents = YES;
				INFOPLIST_KEY_UILaunchScreen_Generation = YES;
				INFOPLIST_KEY_UISupportedInterfaceOrientations = UIInterfaceOrientationPortrait;
				IPHONEOS_DEPLOYMENT_TARGET = 15.6;
				LD_RUNPATH_SEARCH_PATHS = (
					"$(inherited)",
					"@executable_path/Frameworks",
				);
				MARKETING_VERSION = 0.1;
				PRODUCT_BUNDLE_IDENTIFIER = dev.lkenselaar.SwiftUIProofOfConcept;
				PRODUCT_NAME = "$(TARGET_NAME)";
				SUPPORTED_PLATFORMS = "iphoneos iphonesimulator";
				SUPPORTS_MACCATALYST = NO;
				SUPPORTS_MAC_DESIGNED_FOR_IPHONE_IPAD = NO;
				SWIFT_EMIT_LOC_STRINGS = YES;
				SWIFT_VERSION = 5.0;
				TARGETED_DEVICE_FAMILY = 1;
			};
			name = Release;
		};
/* End XCBuildConfiguration section */

/* Begin XCConfigurationList section */
		156DA7E629F0281000720BC7 /* Build configuration list for PBXProject "SwiftUIProofOfConcept" */ = {
			isa = XCConfigurationList;
			buildConfigurations = (
				156DA7F729F0281100720BC7 /* Debug */,
				156DA7F829F0281100720BC7 /* Release */,
			);
			defaultConfigurationIsVisible = 0;
			defaultConfigurationName = Release;
		};
		156DA7F929F0281100720BC7 /* Build configuration list for PBXNativeTarget "SwiftUIProofOfConcept" */ = {
			isa = XCConfigurationList;
			buildConfigurations = (
				156DA7FA29F0281100720BC7 /* Debug */,
				156DA7FB29F0281100720BC7 /* Release */,
			);
			defaultConfigurationIsVisible = 0;
			defaultConfigurationName = Release;
		};
/* End XCConfigurationList section */
	};
	rootObject = 156DA7E329F0281000720BC7 /* Project object */;
}
